
Microsoft Visual Studio Solution File, Format Version 12.00
# Visual Studio Version 17
VisualStudioVersion = 17.14.37203.1 d17.14
MinimumVisualStudioVersion = 10.0.40219.1
Project("{FAE04EC0-301F-11D3-BF4B-00C04F79EFBC}") = "Admin_WorkEase", "Admin_WorkEase\Admin_WorkEase.csproj", "{A144AB7A-87E8-45CD-A4E6-34F86EF8862A}"
EndProject
Global
	GlobalSection(SolutionConfigurationPlatforms) = preSolution
		Debug|Any CPU = Debug|Any CPU
		Release|Any CPU = Release|Any CPU
	EndGlobalSection
	GlobalSection(ProjectConfigurationPlatforms) = postSolution
		{A144AB7A-87E8-45CD-A4E6-34F86EF8862A}.Debug|Any CPU.ActiveCfg = Debug|Any CPU
		{A144AB7A-87E8-45CD-A4E6-34F86EF8862A}.Debug|Any CPU.Build.0 = Debug|Any CPU
		{A144AB7A-87E8-45CD-A4E6-34F86EF8862A}.Release|Any CPU.ActiveCfg = Release|Any CPU
		{A144AB7A-87E8-45CD-A4E6-34F86EF8862A}.Release|Any CPU.Build.0 = Release|Any CPU
	EndGlobalSection
	GlobalSection(SolutionProperties) = preSolution
		HideSolutionNode = FALSE
	EndGlobalSection
	GlobalSection(ExtensibilityGlobals) = postSolution
		SolutionGuid = {EADE69A4-EECC-4B7E-ABFB-53AB12A25DB0}
	EndGlobalSection
EndGlobal
